
Microsoft Visual Studio Solution File, Format Version 12.00
# Visual Studio Version 16
VisualStudioVersion = 16.0.31624.102
MinimumVisualStudioVersion = 10.0.40219.1
Project("{9A19103F-16F7-4668-BE54-9A1E7A4F7556}") = "Api", "Api.csproj", "{CAA1D6D4-D049-40C0-A010-8DB4A0BDC29D}"
EndProject
Global
	GlobalSection(SolutionConfigurationPlatforms) = preSolution
		Debug|Any CPU = Debug|Any CPU
		Release|Any CPU = Release|Any CPU
	EndGlobalSection
	GlobalSection(ProjectConfigurationPlatforms) = postSolution
		{CAA1D6D4-D049-40C0-A010-8DB4A0BDC29D}.Debug|Any CPU.ActiveCfg = Debug|Any CPU
		{CAA1D6D4-D049-40C0-A010-8DB4A0BDC29D}.Debug|Any CPU.Build.0 = Debug|Any CPU
		{CAA1D6D4-D049-40C0-A010-8DB4A0BDC29D}.Release|Any CPU.ActiveCfg = Release|Any CPU
		{CAA1D6D4-D049-40C0-A010-8DB4A0BDC29D}.Release|Any CPU.Build.0 = Release|Any CPU
	EndGlobalSection
	GlobalSection(SolutionProperties) = preSolution
		HideSolutionNode = FALSE
	EndGlobalSection
	GlobalSection(ExtensibilityGlobals) = postSolution
		SolutionGuid = {F6C5AC58-C012-47D4-B0B0-F8E19DF47AD7}
	EndGlobalSection
EndGlobal
